
Microsoft Visual Studio Solution File, Format Version 12.00
# Visual Studio Version 16
VisualStudioVersion = 16.0.30804.86
MinimumVisualStudioVersion = 10.0.40219.1
Project("{9A19103F-16F7-4668-BE54-9A1E7A4F7556}") = "DirectoryApp", "DirectoryApp\DirectoryApp.csproj", "{55B107DD-E328-4C34-B218-EB9376F29E0E}"
	ProjectSection(ProjectDependencies) = postProject
		{01BE700A-FF2C-4076-8D14-3259D27B936B} = {01BE700A-FF2C-4076-8D14-3259D27B936B}
		{7BD76C3C-2E3F-4724-96DE-3E16D6422D13} = {7BD76C3C-2E3F-4724-96DE-3E16D6422D13}
	EndProjectSection
EndProject
Project("{9A19103F-16F7-4668-BE54-9A1E7A4F7556}") = "Data", "Data\Data.csproj", "{7BD76C3C-2E3F-4724-96DE-3E16D6422D13}"
EndProject
Project("{9A19103F-16F7-4668-BE54-9A1E7A4F7556}") = "Business", "Business\Business.csproj", "{01BE700A-FF2C-4076-8D14-3259D27B936B}"
	ProjectSection(ProjectDependencies) = postProject
		{7BD76C3C-2E3F-4724-96DE-3E16D6422D13} = {7BD76C3C-2E3F-4724-96DE-3E16D6422D13}
	EndProjectSection
EndProject
Global
	GlobalSection(SolutionConfigurationPlatforms) = preSolution
		Debug|Any CPU = Debug|Any CPU
		Release|Any CPU = Release|Any CPU
	EndGlobalSection
	GlobalSection(ProjectConfigurationPlatforms) = postSolution
		{55B107DD-E328-4C34-B218-EB9376F29E0E}.Debug|Any CPU.ActiveCfg = Debug|Any CPU
		{55B107DD-E328-4C34-B218-EB9376F29E0E}.Debug|Any CPU.Build.0 = Debug|Any CPU
		{55B107DD-E328-4C34-B218-EB9376F29E0E}.Release|Any CPU.ActiveCfg = Release|Any CPU
		{55B107DD-E328-4C34-B218-EB9376F29E0E}.Release|Any CPU.Build.0 = Release|Any CPU
		{7BD76C3C-2E3F-4724-96DE-3E16D6422D13}.Debug|Any CPU.ActiveCfg = Debug|Any CPU
		{7BD76C3C-2E3F-4724-96DE-3E16D6422D13}.Debug|Any CPU.Build.0 = Debug|Any CPU
		{7BD76C3C-2E3F-4724-96DE-3E16D6422D13}.Release|Any CPU.ActiveCfg = Release|Any CPU
		{7BD76C3C-2E3F-4724-96DE-3E16D6422D13}.Release|Any CPU.Build.0 = Release|Any CPU
		{01BE700A-FF2C-4076-8D14-3259D27B936B}.Debug|Any CPU.ActiveCfg = Debug|Any CPU
		{01BE700A-FF2C-4076-8D14-3259D27B936B}.Debug|Any CPU.Build.0 = Debug|Any CPU
		{01BE700A-FF2C-4076-8D14-3259D27B936B}.Release|Any CPU.ActiveCfg = Release|Any CPU
		{01BE700A-FF2C-4076-8D14-3259D27B936B}.Release|Any CPU.Build.0 = Release|Any CPU
	EndGlobalSection
	GlobalSection(SolutionProperties) = preSolution
		HideSolutionNode = FALSE
	EndGlobalSection
	GlobalSection(ExtensibilityGlobals) = postSolution
		SolutionGuid = {F0DA8348-1820-4F8C-9DB4-EBCBDEDD9F59}
	EndGlobalSection
EndGlobal
